
Microsoft Visual Studio Solution File, Format Version 12.00
# Visual Studio Version 16
VisualStudioVersion = 16.0.30517.126
MinimumVisualStudioVersion = 10.0.40219.1
Project("{FAE04EC0-301F-11D3-BF4B-00C04F79EFBC}") = "j-strcmp", "j-strcmp.csproj", "{B4440942-0D13-48BD-B440-AC2B8494357B}"
EndProject
Global
	GlobalSection(SolutionConfigurationPlatforms) = preSolution
		Debug|Any CPU = Debug|Any CPU
		Release|Any CPU = Release|Any CPU
	EndGlobalSection
	GlobalSection(ProjectConfigurationPlatforms) = postSolution
		{B4440942-0D13-48BD-B440-AC2B8494357B}.Debug|Any CPU.ActiveCfg = Debug|Any CPU
		{B4440942-0D13-48BD-B440-AC2B8494357B}.Debug|Any CPU.Build.0 = Debug|Any CPU
		{B4440942-0D13-48BD-B440-AC2B8494357B}.Release|Any CPU.ActiveCfg = Release|Any CPU
		{B4440942-0D13-48BD-B440-AC2B8494357B}.Release|Any CPU.Build.0 = Release|Any CPU
	EndGlobalSection
	GlobalSection(SolutionProperties) = preSolution
		HideSolutionNode = FALSE
	EndGlobalSection
	GlobalSection(ExtensibilityGlobals) = postSolution
		SolutionGuid = {987F5E52-BA6A-4C58-88BC-5AE576638DBA}
	EndGlobalSection
EndGlobal
